
Microsoft Visual Studio Solution File, Format Version 12.00
# Visual Studio Version 17
VisualStudioVersion = 17.5.002.0
MinimumVisualStudioVersion = 10.0.40219.1
Project("{9A19103F-16F7-4668-BE54-9A1E7A4F7556}") = "TradeLens", "TradeLens.csproj", "{CBCA6927-A05E-4577-A55C-0F6A239F5531}"
EndProject
Global
	GlobalSection(SolutionConfigurationPlatforms) = preSolution
		Debug|Any CPU = Debug|Any CPU
		Release|Any CPU = Release|Any CPU
	EndGlobalSection
	GlobalSection(ProjectConfigurationPlatforms) = postSolution
		{CBCA6927-A05E-4577-A55C-0F6A239F5531}.Debug|Any CPU.ActiveCfg = Debug|Any CPU
		{CBCA6927-A05E-4577-A55C-0F6A239F5531}.Debug|Any CPU.Build.0 = Debug|Any CPU
		{CBCA6927-A05E-4577-A55C-0F6A239F5531}.Release|Any CPU.ActiveCfg = Release|Any CPU
		{CBCA6927-A05E-4577-A55C-0F6A239F5531}.Release|Any CPU.Build.0 = Release|Any CPU
	EndGlobalSection
	GlobalSection(SolutionProperties) = preSolution
		HideSolutionNode = FALSE
	EndGlobalSection
	GlobalSection(ExtensibilityGlobals) = postSolution
		SolutionGuid = {998CD58E-E528-47CB-9CF0-23F4B2550A50}
	EndGlobalSection
EndGlobal
