
Microsoft Visual Studio Solution File, Format Version 12.00
# Visual Studio Version 17
VisualStudioVersion = 17.0.31903.59
MinimumVisualStudioVersion = 10.0.40219.1
Project("{2150E333-8FDC-42A3-9474-1A3956D46DE8}") = "src", "src", "{2460A86B-E7CD-4CC9-9AAC-7ECA5D85F71B}"
EndProject
Project("{FAE04EC0-301F-11D3-BF4B-00C04F79EFBC}") = "API", "src\API\API.csproj", "{4B8AD157-4A1B-4641-8709-0DD762B3D423}"
EndProject
Project("{FAE04EC0-301F-11D3-BF4B-00C04F79EFBC}") = "Core", "src\Core\Core.csproj", "{0E796C36-D1BD-402B-A252-449FAF9951AF}"
EndProject
Project("{FAE04EC0-301F-11D3-BF4B-00C04F79EFBC}") = "Infrastructure", "src\Infrastructure\Infrastructure.csproj", "{C33AF396-DDF4-4ED9-A860-6D4983D589E0}"
EndProject
Project("{2150E333-8FDC-42A3-9474-1A3956D46DE8}") = "tests", "tests", "{ABD10E41-1F9D-4911-9FEC-66841D91EDCD}"
EndProject
Project("{FAE04EC0-301F-11D3-BF4B-00C04F79EFBC}") = "API.Tests", "tests\API.Tests\API.Tests.csproj", "{587014CF-CEB7-4738-93DA-9043AE6CA4B6}"
EndProject
Global
	GlobalSection(SolutionConfigurationPlatforms) = preSolution
		Debug|Any CPU = Debug|Any CPU
		Release|Any CPU = Release|Any CPU
	EndGlobalSection
	GlobalSection(SolutionProperties) = preSolution
		HideSolutionNode = FALSE
	EndGlobalSection
	GlobalSection(ProjectConfigurationPlatforms) = postSolution
		{4B8AD157-4A1B-4641-8709-0DD762B3D423}.Debug|Any CPU.ActiveCfg = Debug|Any CPU
		{4B8AD157-4A1B-4641-8709-0DD762B3D423}.Debug|Any CPU.Build.0 = Debug|Any CPU
		{4B8AD157-4A1B-4641-8709-0DD762B3D423}.Release|Any CPU.ActiveCfg = Release|Any CPU
		{4B8AD157-4A1B-4641-8709-0DD762B3D423}.Release|Any CPU.Build.0 = Release|Any CPU
		{0E796C36-D1BD-402B-A252-449FAF9951AF}.Debug|Any CPU.ActiveCfg = Debug|Any CPU
		{0E796C36-D1BD-402B-A252-449FAF9951AF}.Debug|Any CPU.Build.0 = Debug|Any CPU
		{0E796C36-D1BD-402B-A252-449FAF9951AF}.Release|Any CPU.ActiveCfg = Release|Any CPU
		{0E796C36-D1BD-402B-A252-449FAF9951AF}.Release|Any CPU.Build.0 = Release|Any CPU
		{C33AF396-DDF4-4ED9-A860-6D4983D589E0}.Debug|Any CPU.ActiveCfg = Debug|Any CPU
		{C33AF396-DDF4-4ED9-A860-6D4983D589E0}.Debug|Any CPU.Build.0 = Debug|Any CPU
		{C33AF396-DDF4-4ED9-A860-6D4983D589E0}.Release|Any CPU.ActiveCfg = Release|Any CPU
		{C33AF396-DDF4-4ED9-A860-6D4983D589E0}.Release|Any CPU.Build.0 = Release|Any CPU
		{587014CF-CEB7-4738-93DA-9043AE6CA4B6}.Debug|Any CPU.ActiveCfg = Debug|Any CPU
		{587014CF-CEB7-4738-93DA-9043AE6CA4B6}.Debug|Any CPU.Build.0 = Debug|Any CPU
		{587014CF-CEB7-4738-93DA-9043AE6CA4B6}.Release|Any CPU.ActiveCfg = Release|Any CPU
		{587014CF-CEB7-4738-93DA-9043AE6CA4B6}.Release|Any CPU.Build.0 = Release|Any CPU
	EndGlobalSection
	GlobalSection(NestedProjects) = preSolution
		{4B8AD157-4A1B-4641-8709-0DD762B3D423} = {2460A86B-E7CD-4CC9-9AAC-7ECA5D85F71B}
		{0E796C36-D1BD-402B-A252-449FAF9951AF} = {2460A86B-E7CD-4CC9-9AAC-7ECA5D85F71B}
		{C33AF396-DDF4-4ED9-A860-6D4983D589E0} = {2460A86B-E7CD-4CC9-9AAC-7ECA5D85F71B}
		{587014CF-CEB7-4738-93DA-9043AE6CA4B6} = {ABD10E41-1F9D-4911-9FEC-66841D91EDCD}
	EndGlobalSection
EndGlobal
