
Microsoft Visual Studio Solution File, Format Version 12.00
# Visual Studio Version 17
VisualStudioVersion = 17.0.31903.59
MinimumVisualStudioVersion = 10.0.40219.1
Project("{2150E333-8FDC-42A3-9474-1A3956D46DE8}") = "src", "src", "{F670A07F-5CB4-4A74-8E64-3D31ACF962E0}"
EndProject
Project("{FAE04EC0-301F-11D3-BF4B-00C04F79EFBC}") = "TradeLensCLI", "src\TradeLensCLI\TradeLensCLI.csproj", "{00AE0AD2-6BB0-4C80-9039-344AF0679572}"
EndProject
Global
	GlobalSection(SolutionConfigurationPlatforms) = preSolution
		Debug|Any CPU = Debug|Any CPU
		Release|Any CPU = Release|Any CPU
	EndGlobalSection
	GlobalSection(SolutionProperties) = preSolution
		HideSolutionNode = FALSE
	EndGlobalSection
	GlobalSection(ProjectConfigurationPlatforms) = postSolution
		{00AE0AD2-6BB0-4C80-9039-344AF0679572}.Debug|Any CPU.ActiveCfg = Debug|Any CPU
		{00AE0AD2-6BB0-4C80-9039-344AF0679572}.Debug|Any CPU.Build.0 = Debug|Any CPU
		{00AE0AD2-6BB0-4C80-9039-344AF0679572}.Release|Any CPU.ActiveCfg = Release|Any CPU
		{00AE0AD2-6BB0-4C80-9039-344AF0679572}.Release|Any CPU.Build.0 = Release|Any CPU
	EndGlobalSection
	GlobalSection(NestedProjects) = preSolution
		{00AE0AD2-6BB0-4C80-9039-344AF0679572} = {F670A07F-5CB4-4A74-8E64-3D31ACF962E0}
	EndGlobalSection
EndGlobal
